<?xml version="1.0" encoding="utf-8"?>
<Project ToolsVersion="4.0" xmlns="http://schemas.microsoft.com/developer/msbuild/2003">
  <ItemGroup>
    <Filter Include="Resources">
      <UniqueIdentifier>{0f5184d3-af1c-468f-bfdf-cd96b8d8e3fb}</UniqueIdentifier>
    </Filter>
    <Filter Include="Source">
      <UniqueIdentifier>{588933e6-3128-4460-9f2a-575883992027}</UniqueIdentifier>
    </Filter>
  </ItemGroup>
  <ItemGroup>
    <ClInclude Include="..\source\res.h">
      <Filter>Resources</Filter>
    </ClInclude>
  </ItemGroup>
  <ItemGroup>
    <Image Include="..\source\icon1.ico">
      <Filter>Resources</Filter>
    </Image>
    <Image Include="..\res\BM_plansza.bmp">
      <Filter>Resources</Filter>
    </Image>
    <Image Include="..\res\BM_kolko.bmp">
      <Filter>Resources</Filter>
    </Image>
    <Image Include="..\res\BM_krzyzyk.bmp">
      <Filter>Resources</Filter>
    </Image>
  </ItemGroup>
  <ItemGroup>
    <ResourceCompile Include="..\source\res.rc">
      <Filter>Resources</Filter>
    </ResourceCompile>
  </ItemGroup>
  <ItemGroup>
    <ClCompile Include="..\source\main.cpp">
      <Filter>Source</Filter>
    </ClCompile>
  </ItemGroup>
</Project>